{
  "name": "@easymoney/money",
  "version": "0.0.3",
  "lockfileVersion": 1,
  "requires": true,
  "dependencies": {
    "@easymoney/common": {
      "version": "0.0.5",
      "resolved": "https://registry.npmjs.org/@easymoney/common/-/common-0.0.5.tgz",
      "integrity": "sha512-tpEpX38QE0M/EXAFRrnM/jHwWUbZ1PaUjHaK2zmbSI3n/L5ekwGmsE+QBDIRTQW7XVww+cKoRao7byIyY7G6cA=="
    },
    "typescript": {
      "version": "3.8.3",
      "resolved": "https://registry.npmjs.org/typescript/-/typescript-3.8.3.tgz",
      "integrity": "sha512-MYlEfn5VrLNsgudQTVJeNaQFUAI7DkhnOjdpAp4T+ku1TfQClewlbSuTVHiA+8skNBgaf02TL/kLOvig4y3G8w==",
      "dev": true
    }
  }
}
