{
  "name": "@easymoney/money",
  "version": "0.0.5",
  "lockfileVersion": 1,
  "requires": true,
  "dependencies": {
    "@easymoney/core": {
      "version": "0.0.1",
      "resolved": "https://registry.npmjs.org/@easymoney/core/-/core-0.0.1.tgz",
      "integrity": "sha512-6n+Pvjp0e04AwmDR/5IUNaM66ToshgPi87kTdyoZrbQDShb+gCCviWijGAsBFHveMwESf4kWc7hQ7o+zITuETQ==",
      "dev": true
    },
    "typescript": {
      "version": "3.8.3",
      "resolved": "https://registry.npmjs.org/typescript/-/typescript-3.8.3.tgz",
      "integrity": "sha512-MYlEfn5VrLNsgudQTVJeNaQFUAI7DkhnOjdpAp4T+ku1TfQClewlbSuTVHiA+8skNBgaf02TL/kLOvig4y3G8w==",
      "dev": true
    }
  }
}
