{
  "name": "@easymoney/bignumber",
  "version": "0.0.1",
  "lockfileVersion": 1,
  "requires": true,
  "dependencies": {
    "@easymoney/core": {
      "version": "0.0.1",
      "resolved": "https://registry.npmjs.org/@easymoney/core/-/core-0.0.1.tgz",
      "integrity": "sha512-6n+Pvjp0e04AwmDR/5IUNaM66ToshgPi87kTdyoZrbQDShb+gCCviWijGAsBFHveMwESf4kWc7hQ7o+zITuETQ==",
      "dev": true
    },
    "@easymoney/money": {
      "version": "0.0.5",
      "resolved": "https://registry.npmjs.org/@easymoney/money/-/money-0.0.5.tgz",
      "integrity": "sha512-flaAzpefcdkXgsLITErTpvI3DMiYAiY+rH9oBo3SdxHOdym4qH7Fe2q1963pkdAHQWFnZvwJIzUN8wJGIOetwg=="
    },
    "bignumber.js": {
      "version": "9.0.0",
      "resolved": "https://registry.npmjs.org/bignumber.js/-/bignumber.js-9.0.0.tgz",
      "integrity": "sha512-t/OYhhJ2SD+YGBQcjY8GzzDHEk9f3nerxjtfa6tlMXfe7frs/WozhvCNoGvpM0P3bNf3Gq5ZRMlGr5f3r4/N8A=="
    },
    "typescript": {
      "version": "3.8.3",
      "resolved": "https://registry.npmjs.org/typescript/-/typescript-3.8.3.tgz",
      "integrity": "sha512-MYlEfn5VrLNsgudQTVJeNaQFUAI7DkhnOjdpAp4T+ku1TfQClewlbSuTVHiA+8skNBgaf02TL/kLOvig4y3G8w==",
      "dev": true
    }
  }
}
