{
  "name": "@easymoney/formatter",
  "version": "0.0.1",
  "lockfileVersion": 1,
  "requires": true,
  "dependencies": {
    "@easymoney/core": {
      "version": "0.0.1",
      "resolved": "https://registry.npmjs.org/@easymoney/core/-/core-0.0.1.tgz",
      "integrity": "sha512-6n+Pvjp0e04AwmDR/5IUNaM66ToshgPi87kTdyoZrbQDShb+gCCviWijGAsBFHveMwESf4kWc7hQ7o+zITuETQ==",
      "dev": true
    },
    "@easymoney/currencies": {
      "version": "0.0.1",
      "resolved": "https://registry.npmjs.org/@easymoney/currencies/-/currencies-0.0.1.tgz",
      "integrity": "sha512-cjFmLbYtx5boRe7b5mnzO4NnHmnlsr2cR3m7H1WZjJqAK3P2w4zE5UCttfAdA3AvGt8/qIYMznZYc0PNlCvvcA==",
      "dev": true
    },
    "@easymoney/money": {
      "version": "0.0.5",
      "resolved": "https://registry.npmjs.org/@easymoney/money/-/money-0.0.5.tgz",
      "integrity": "sha512-flaAzpefcdkXgsLITErTpvI3DMiYAiY+rH9oBo3SdxHOdym4qH7Fe2q1963pkdAHQWFnZvwJIzUN8wJGIOetwg==",
      "dev": true
    }
  }
}
